
Microsoft Visual Studio Solution File, Format Version 12.00
# Visual Studio Version 17
VisualStudioVersion = 17.2.32616.157
MinimumVisualStudioVersion = 10.0.40219.1
Project("{9A19103F-16F7-4668-BE54-9A1E7A4F7556}") = "DeskAlerts", "DeskAlerts\DeskAlerts.csproj", "{C4275123-F441-4C92-B1B9-FA338F7524C3}"
EndProject
Project("{FAE04EC0-301F-11D3-BF4B-00C04F79EFBC}") = "DeskAPI", "DeskAPI\DeskAPI.csproj", "{AB59A861-22B5-4C97-BAA1-041E2CDFB13F}"
EndProject
Project("{FAE04EC0-301F-11D3-BF4B-00C04F79EFBC}") = "DeskMessage", "DeskMessage\DeskMessage.csproj", "{C6276140-BF5D-4016-A4AD-762A396EFAF9}"
EndProject
Global
	GlobalSection(SolutionConfigurationPlatforms) = preSolution
		Debug|Any CPU = Debug|Any CPU
		Release|Any CPU = Release|Any CPU
	EndGlobalSection
	GlobalSection(ProjectConfigurationPlatforms) = postSolution
		{C4275123-F441-4C92-B1B9-FA338F7524C3}.Debug|Any CPU.ActiveCfg = Debug|Any CPU
		{C4275123-F441-4C92-B1B9-FA338F7524C3}.Debug|Any CPU.Build.0 = Debug|Any CPU
		{C4275123-F441-4C92-B1B9-FA338F7524C3}.Release|Any CPU.ActiveCfg = Release|Any CPU
		{C4275123-F441-4C92-B1B9-FA338F7524C3}.Release|Any CPU.Build.0 = Release|Any CPU
		{AB59A861-22B5-4C97-BAA1-041E2CDFB13F}.Debug|Any CPU.ActiveCfg = Debug|Any CPU
		{AB59A861-22B5-4C97-BAA1-041E2CDFB13F}.Debug|Any CPU.Build.0 = Debug|Any CPU
		{AB59A861-22B5-4C97-BAA1-041E2CDFB13F}.Release|Any CPU.ActiveCfg = Release|Any CPU
		{AB59A861-22B5-4C97-BAA1-041E2CDFB13F}.Release|Any CPU.Build.0 = Release|Any CPU
		{C6276140-BF5D-4016-A4AD-762A396EFAF9}.Debug|Any CPU.ActiveCfg = Debug|Any CPU
		{C6276140-BF5D-4016-A4AD-762A396EFAF9}.Debug|Any CPU.Build.0 = Debug|Any CPU
		{C6276140-BF5D-4016-A4AD-762A396EFAF9}.Release|Any CPU.ActiveCfg = Release|Any CPU
		{C6276140-BF5D-4016-A4AD-762A396EFAF9}.Release|Any CPU.Build.0 = Release|Any CPU
	EndGlobalSection
	GlobalSection(SolutionProperties) = preSolution
		HideSolutionNode = FALSE
	EndGlobalSection
	GlobalSection(ExtensibilityGlobals) = postSolution
		SolutionGuid = {50BC4DB4-6FE4-45E8-848C-32810E5AC541}
	EndGlobalSection
EndGlobal
